# This file is automatically @generated by Cargo.
# It is not intended for manual editing.
version = 4

[[package]]
name = "croma-cli"
version = "0.1.0"
dependencies = [
 "croma-core",
]

[[package]]
name = "croma-core"
version = "0.1.0"

[[package]]
name = "croma-fmt"
version = "0.1.0"
dependencies = [
 "croma-core",
]

[[package]]
name = "croma-lsp"
version = "0.1.0"
dependencies = [
 "croma-core",
]
